# generated by rye
# use `rye lock` or `rye sync` to update this lockfile
#
# last locked with the following flags:
#   pre: false
#   features: []
#   all-features: false
#   with-sources: false
#   generate-hashes: false
#   universal: false

-e file:.
certifi==2024.7.4
    # via requests
charset-normalizer==3.3.2
    # via requests
idna==3.7
    # via requests
jinja2==3.1.4
    # via pysigma
markupsafe==2.1.5
    # via jinja2
packaging==24.1
    # via pysigma
pyparsing==3.1.2
    # via pysigma
pysigma==0.11.10
    # via daylight
    # via pysigma-backend-splunk
pysigma-backend-splunk==1.1.0
    # via daylight
pyyaml==6.0.2
    # via pysigma
requests==2.32.3
    # via pysigma
urllib3==2.2.2
    # via requests
